{
  "name": "rapier-node",
  "version": "1.0.0",
  "lockfileVersion": 1,
  "requires": true,
  "dependencies": {
    "@dimforge/rapier2d": {
      "version": "0.1.12",
      "resolved": "https://registry.npmjs.org/@dimforge/rapier2d/-/rapier2d-0.1.12.tgz",
      "integrity": "sha512-5pUJwkAxCJ/ZFx0PLMH5adf1+lTKmZzXfM/kJbG6oaQRjAHMnXbDrgBdwh60DBCxh7N4fpstIQNESBkPOp2LYg=="
    }
  }
}
